{
  "version": 4,
  "terraform_version": "1.4.0",
  "serial": 4,
  "lineage": "13227f96-2ad5-6c6e-ae16-2705c08b73da",
  "outputs": {
    "vpc_cidr-block": {
      "value": "vpc-02fa32adacededf05",
      "type": "string"
    }
  },
  "resources": [
    {
      "module": "module.tf-vpc",
      "mode": "managed",
      "type": "aws_subnet",
      "name": "private_subnet",
      "provider": "module.tf-vpc.provider[\"registry.terraform.io/hashicorp/aws\"]",
      "instances": [
        {
          "schema_version": 1,
          "attributes": {
            "arn": "arn:aws:ec2:us-east-1:088677953769:subnet/subnet-0adeef84abab00d2f",
            "assign_ipv6_address_on_creation": false,
            "availability_zone": "us-east-1c",
            "availability_zone_id": "use1-az6",
            "cidr_block": "10.0.2.0/24",
            "customer_owned_ipv4_pool": "",
            "enable_dns64": false,
            "enable_resource_name_dns_a_record_on_launch": false,
            "enable_resource_name_dns_aaaa_record_on_launch": false,
            "id": "subnet-0adeef84abab00d2f",
            "ipv6_cidr_block": "",
            "ipv6_cidr_block_association_id": "",
            "ipv6_native": false,
            "map_customer_owned_ip_on_launch": false,
            "map_public_ip_on_launch": false,
            "outpost_arn": "",
            "owner_id": "088677953769",
            "private_dns_hostname_type_on_launch": "ip-name",
            "tags": {
              "Name": "terraform-private-subnet-dev"
            },
            "tags_all": {
              "Name": "terraform-private-subnet-dev"
            },
            "timeouts": null,
            "vpc_id": "vpc-02fa32adacededf05"
          },
          "sensitive_attributes": [],
          "private": "eyJlMmJmYjczMC1lY2FhLTExZTYtOGY4OC0zNDM2M2JjN2M0YzAiOnsiY3JlYXRlIjo2MDAwMDAwMDAwMDAsImRlbGV0ZSI6MTIwMDAwMDAwMDAwMH0sInNjaGVtYV92ZXJzaW9uIjoiMSJ9",
          "dependencies": [
            "module.tf-vpc.aws_vpc.module_vpc"
          ]
        }
      ]
    },
    {
      "module": "module.tf-vpc",
      "mode": "managed",
      "type": "aws_subnet",
      "name": "public_subnet",
      "provider": "module.tf-vpc.provider[\"registry.terraform.io/hashicorp/aws\"]",
      "instances": [
        {
          "schema_version": 1,
          "attributes": {
            "arn": "arn:aws:ec2:us-east-1:088677953769:subnet/subnet-05fbe937e5c44fa98",
            "assign_ipv6_address_on_creation": false,
            "availability_zone": "us-east-1d",
            "availability_zone_id": "use1-az1",
            "cidr_block": "10.0.1.0/24",
            "customer_owned_ipv4_pool": "",
            "enable_dns64": false,
            "enable_resource_name_dns_a_record_on_launch": false,
            "enable_resource_name_dns_aaaa_record_on_launch": false,
            "id": "subnet-05fbe937e5c44fa98",
            "ipv6_cidr_block": "",
            "ipv6_cidr_block_association_id": "",
            "ipv6_native": false,
            "map_customer_owned_ip_on_launch": false,
            "map_public_ip_on_launch": false,
            "outpost_arn": "",
            "owner_id": "088677953769",
            "private_dns_hostname_type_on_launch": "ip-name",
            "tags": {
              "Name": "terraform-public-subnet-dev"
            },
            "tags_all": {
              "Name": "terraform-public-subnet-dev"
            },
            "timeouts": null,
            "vpc_id": "vpc-02fa32adacededf05"
          },
          "sensitive_attributes": [],
          "private": "eyJlMmJmYjczMC1lY2FhLTExZTYtOGY4OC0zNDM2M2JjN2M0YzAiOnsiY3JlYXRlIjo2MDAwMDAwMDAwMDAsImRlbGV0ZSI6MTIwMDAwMDAwMDAwMH0sInNjaGVtYV92ZXJzaW9uIjoiMSJ9",
          "dependencies": [
            "module.tf-vpc.aws_vpc.module_vpc"
          ]
        }
      ]
    },
    {
      "module": "module.tf-vpc",
      "mode": "managed",
      "type": "aws_vpc",
      "name": "module_vpc",
      "provider": "module.tf-vpc.provider[\"registry.terraform.io/hashicorp/aws\"]",
      "instances": [
        {
          "schema_version": 1,
          "attributes": {
            "arn": "arn:aws:ec2:us-east-1:088677953769:vpc/vpc-02fa32adacededf05",
            "assign_generated_ipv6_cidr_block": false,
            "cidr_block": "10.0.0.0/16",
            "default_network_acl_id": "acl-01994b59ecb3ae1f4",
            "default_route_table_id": "rtb-0a27970c7ac8b8210",
            "default_security_group_id": "sg-09a1b1d8eac6ac474",
            "dhcp_options_id": "dopt-0d6a0b7397a7f8784",
            "enable_classiclink": false,
            "enable_classiclink_dns_support": false,
            "enable_dns_hostnames": false,
            "enable_dns_support": true,
            "enable_network_address_usage_metrics": false,
            "id": "vpc-02fa32adacededf05",
            "instance_tenancy": "default",
            "ipv4_ipam_pool_id": null,
            "ipv4_netmask_length": null,
            "ipv6_association_id": "",
            "ipv6_cidr_block": "",
            "ipv6_cidr_block_network_border_group": "",
            "ipv6_ipam_pool_id": "",
            "ipv6_netmask_length": 0,
            "main_route_table_id": "rtb-0a27970c7ac8b8210",
            "owner_id": "088677953769",
            "tags": {
              "Name": "Terraform-vpc-dev"
            },
            "tags_all": {
              "Name": "Terraform-vpc-dev"
            }
          },
          "sensitive_attributes": [],
          "private": "eyJzY2hlbWFfdmVyc2lvbiI6IjEifQ=="
        }
      ]
    }
  ],
  "check_results": null
}
